// !$*UTF8*$!
{
	archiveVersion = 1;
	classes = {
	};
	objectVersion = 56;
	objects = {

/* Begin PBXBuildFile section */
		8EA26A7E28F37C3A00B1E9B8 /* Reels_InstagramApp.swift in Sources */ = {isa = PBXBuildFile; fileRef = 8EA26A7D28F37C3A00B1E9B8 /* Reels_InstagramApp.swift */; };
		8EA26A8028F37C3A00B1E9B8 /* ContentView.swift in Sources */ = {isa = PBXBuildFile; fileRef = 8EA26A7F28F37C3A00B1E9B8 /* ContentView.swift */; };
		8EA26A8228F37C3C00B1E9B8 /* Assets.xcassets in Resources */ = {isa = PBXBuildFile; fileRef = 8EA26A8128F37C3C00B1E9B8 /* Assets.xcassets */; };
		8EA26A8F28F37C3D00B1E9B8 /* Reels_InstagramTests.swift in Sources */ = {isa = PBXBuildFile; fileRef = 8EA26A8E28F37C3D00B1E9B8 /* Reels_InstagramTests.swift */; };
		8EA26A9928F37C3D00B1E9B8 /* Reels_InstagramUITests.swift in Sources */ = {isa = PBXBuildFile; fileRef = 8EA26A9828F37C3D00B1E9B8 /* Reels_InstagramUITests.swift */; };
		8EA26A9B28F37C3D00B1E9B8 /* Reels_InstagramUITestsLaunchTests.swift in Sources */ = {isa = PBXBuildFile; fileRef = 8EA26A9A28F37C3D00B1E9B8 /* Reels_InstagramUITestsLaunchTests.swift */; };
		8EA26AB528F37CBF00B1E9B8 /* Assets.xcassets in Resources */ = {isa = PBXBuildFile; fileRef = 8EA26AB128F37CBF00B1E9B8 /* Assets.xcassets */; };
		8EA26ABA28F37D1400B1E9B8 /* Reel.swift in Sources */ = {isa = PBXBuildFile; fileRef = 8EA26AB828F37D1400B1E9B8 /* Reel.swift */; };
		8EA26ABB28F37D1400B1E9B8 /* MediaFile.swift in Sources */ = {isa = PBXBuildFile; fileRef = 8EA26AB928F37D1400B1E9B8 /* MediaFile.swift */; };
		8EA26AC228F37D3200B1E9B8 /* Preview Assets.xcassets in Resources */ = {isa = PBXBuildFile; fileRef = 8EA26ABD28F37D3200B1E9B8 /* Preview Assets.xcassets */; };
		8EA26AC328F37D3200B1E9B8 /* Home.swift in Sources */ = {isa = PBXBuildFile; fileRef = 8EA26ABF28F37D3200B1E9B8 /* Home.swift */; };
		8EA26AC428F37D3200B1E9B8 /* ReelsView.swift in Sources */ = {isa = PBXBuildFile; fileRef = 8EA26AC028F37D3200B1E9B8 /* ReelsView.swift */; };
		8EA26AC528F37D3200B1E9B8 /* CustomVideoPlayer.swift in Sources */ = {isa = PBXBuildFile; fileRef = 8EA26AC128F37D3200B1E9B8 /* CustomVideoPlayer.swift */; };
		8EA26ACA28F37DAA00B1E9B8 /* Reel4.mp4 in Resources */ = {isa = PBXBuildFile; fileRef = 8EA26AC628F37DA900B1E9B8 /* Reel4.mp4 */; };
		8EA26ACB28F37DAA00B1E9B8 /* Reel2.mp4 in Resources */ = {isa = PBXBuildFile; fileRef = 8EA26AC728F37DAA00B1E9B8 /* Reel2.mp4 */; };
		8EA26ACC28F37DAA00B1E9B8 /* Reel1.mp4 in Resources */ = {isa = PBXBuildFile; fileRef = 8EA26AC828F37DAA00B1E9B8 /* Reel1.mp4 */; };
		8EA26ACD28F37DAA00B1E9B8 /* Reel3.mp4 in Resources */ = {isa = PBXBuildFile; fileRef = 8EA26AC928F37DAA00B1E9B8 /* Reel3.mp4 */; };
/* End PBXBuildFile section */

/* Begin PBXContainerItemProxy section */
		8EA26A8B28F37C3D00B1E9B8 /* PBXContainerItemProxy */ = {
			isa = PBXContainerItemProxy;
			containerPortal = 8EA26A7228F37C3A00B1E9B8 /* Project object */;
			proxyType = 1;
			remoteGlobalIDString = 8EA26A7928F37C3A00B1E9B8;
			remoteInfo = Reels_Instagram;
		};
		8EA26A9528F37C3D00B1E9B8 /* PBXContainerItemProxy */ = {
			isa = PBXContainerItemProxy;
			containerPortal = 8EA26A7228F37C3A00B1E9B8 /* Project object */;
			proxyType = 1;
			remoteGlobalIDString = 8EA26A7928F37C3A00B1E9B8;
			remoteInfo = Reels_Instagram;
		};
/* End PBXContainerItemProxy section */

/* Begin PBXFileReference section */
		8EA26A7A28F37C3A00B1E9B8 /* Reels_Instagram.app */ = {isa = PBXFileReference; explicitFileType = wrapper.application; includeInIndex = 0; path = Reels_Instagram.app; sourceTree = BUILT_PRODUCTS_DIR; };
		8EA26A7D28F37C3A00B1E9B8 /* Reels_InstagramApp.swift */ = {isa = PBXFileReference; lastKnownFileType = sourcecode.swift; path = Reels_InstagramApp.swift; sourceTree = "<group>"; };
		8EA26A7F28F37C3A00B1E9B8 /* ContentView.swift */ = {isa = PBXFileReference; lastKnownFileType = sourcecode.swift; path = ContentView.swift; sourceTree = "<group>"; };
		8EA26A8128F37C3C00B1E9B8 /* Assets.xcassets */ = {isa = PBXFileReference; lastKnownFileType = folder.assetcatalog; path = Assets.xcassets; sourceTree = "<group>"; };
		8EA26A8A28F37C3D00B1E9B8 /* Reels_InstagramTests.xctest */ = {isa = PBXFileReference; explicitFileType = wrapper.cfbundle; includeInIndex = 0; path = Reels_InstagramTests.xctest; sourceTree = BUILT_PRODUCTS_DIR; };
		8EA26A8E28F37C3D00B1E9B8 /* Reels_InstagramTests.swift */ = {isa = PBXFileReference; lastKnownFileType = sourcecode.swift; path = Reels_InstagramTests.swift; sourceTree = "<group>"; };
		8EA26A9428F37C3D00B1E9B8 /* Reels_InstagramUITests.xctest */ = {isa = PBXFileReference; explicitFileType = wrapper.cfbundle; includeInIndex = 0; path = Reels_InstagramUITests.xctest; sourceTree = BUILT_PRODUCTS_DIR; };
		8EA26A9828F37C3D00B1E9B8 /* Reels_InstagramUITests.swift */ = {isa = PBXFileReference; lastKnownFileType = sourcecode.swift; path = Reels_InstagramUITests.swift; sourceTree = "<group>"; };
		8EA26A9A28F37C3D00B1E9B8 /* Reels_InstagramUITestsLaunchTests.swift */ = {isa = PBXFileReference; lastKnownFileType = sourcecode.swift; path = Reels_InstagramUITestsLaunchTests.swift; sourceTree = "<group>"; };
		8EA26AB128F37CBF00B1E9B8 /* Assets.xcassets */ = {isa = PBXFileReference; lastKnownFileType = folder.assetcatalog; path = Assets.xcassets; sourceTree = "<group>"; };
		8EA26AB828F37D1400B1E9B8 /* Reel.swift */ = {isa = PBXFileReference; fileEncoding = 4; lastKnownFileType = sourcecode.swift; path = Reel.swift; sourceTree = "<group>"; };
		8EA26AB928F37D1400B1E9B8 /* MediaFile.swift */ = {isa = PBXFileReference; fileEncoding = 4; lastKnownFileType = sourcecode.swift; path = MediaFile.swift; sourceTree = "<group>"; };
		8EA26ABD28F37D3200B1E9B8 /* Preview Assets.xcassets */ = {isa = PBXFileReference; lastKnownFileType = folder.assetcatalog; path = "Preview Assets.xcassets"; sourceTree = "<group>"; };
		8EA26ABF28F37D3200B1E9B8 /* Home.swift */ = {isa = PBXFileReference; fileEncoding = 4; lastKnownFileType = sourcecode.swift; path = Home.swift; sourceTree = "<group>"; };
		8EA26AC028F37D3200B1E9B8 /* ReelsView.swift */ = {isa = PBXFileReference; fileEncoding = 4; lastKnownFileType = sourcecode.swift; path = ReelsView.swift; sourceTree = "<group>"; };
		8EA26AC128F37D3200B1E9B8 /* CustomVideoPlayer.swift */ = {isa = PBXFileReference; fileEncoding = 4; lastKnownFileType = sourcecode.swift; path = CustomVideoPlayer.swift; sourceTree = "<group>"; };
		8EA26AC628F37DA900B1E9B8 /* Reel4.mp4 */ = {isa = PBXFileReference; lastKnownFileType = file; path = Reel4.mp4; sourceTree = "<group>"; };
		8EA26AC728F37DAA00B1E9B8 /* Reel2.mp4 */ = {isa = PBXFileReference; lastKnownFileType = file; path = Reel2.mp4; sourceTree = "<group>"; };
		8EA26AC828F37DAA00B1E9B8 /* Reel1.mp4 */ = {isa = PBXFileReference; lastKnownFileType = file; path = Reel1.mp4; sourceTree = "<group>"; };
		8EA26AC928F37DAA00B1E9B8 /* Reel3.mp4 */ = {isa = PBXFileReference; lastKnownFileType = file; path = Reel3.mp4; sourceTree = "<group>"; };
/* End PBXFileReference section */

/* Begin PBXFrameworksBuildPhase section */
		8EA26A7728F37C3A00B1E9B8 /* Frameworks */ = {
			isa = PBXFrameworksBuildPhase;
			buildActionMask = 2147483647;
			files = (
			);
			runOnlyForDeploymentPostprocessing = 0;
		};
		8EA26A8728F37C3D00B1E9B8 /* Frameworks */ = {
			isa = PBXFrameworksBuildPhase;
			buildActionMask = 2147483647;
			files = (
			);
			runOnlyForDeploymentPostprocessing = 0;
		};
		8EA26A9128F37C3D00B1E9B8 /* Frameworks */ = {
			isa = PBXFrameworksBuildPhase;
			buildActionMask = 2147483647;
			files = (
			);
			runOnlyForDeploymentPostprocessing = 0;
		};
/* End PBXFrameworksBuildPhase section */

/* Begin PBXGroup section */
		8EA26A7128F37C3A00B1E9B8 = {
			isa = PBXGroup;
			children = (
				8EA26AC828F37DAA00B1E9B8 /* Reel1.mp4 */,
				8EA26AC728F37DAA00B1E9B8 /* Reel2.mp4 */,
				8EA26AC928F37DAA00B1E9B8 /* Reel3.mp4 */,
				8EA26AC628F37DA900B1E9B8 /* Reel4.mp4 */,
				8EA26A7C28F37C3A00B1E9B8 /* Reels_Instagram */,
				8EA26A8D28F37C3D00B1E9B8 /* Reels_InstagramTests */,
				8EA26A9728F37C3D00B1E9B8 /* Reels_InstagramUITests */,
				8EA26A7B28F37C3A00B1E9B8 /* Products */,
			);
			sourceTree = "<group>";
		};
		8EA26A7B28F37C3A00B1E9B8 /* Products */ = {
			isa = PBXGroup;
			children = (
				8EA26A7A28F37C3A00B1E9B8 /* Reels_Instagram.app */,
				8EA26A8A28F37C3D00B1E9B8 /* Reels_InstagramTests.xctest */,
				8EA26A9428F37C3D00B1E9B8 /* Reels_InstagramUITests.xctest */,
			);
			name = Products;
			sourceTree = "<group>";
		};
		8EA26A7C28F37C3A00B1E9B8 /* Reels_Instagram */ = {
			isa = PBXGroup;
			children = (
				8EA26ABC28F37D3200B1E9B8 /* Preview Content */,
				8EA26ABE28F37D3200B1E9B8 /* View */,
				8EA26AB728F37D1400B1E9B8 /* Model */,
				8EA26AB128F37CBF00B1E9B8 /* Assets.xcassets */,
				8EA26A7D28F37C3A00B1E9B8 /* Reels_InstagramApp.swift */,
				8EA26A7F28F37C3A00B1E9B8 /* ContentView.swift */,
				8EA26A8128F37C3C00B1E9B8 /* Assets.xcassets */,
			);
			path = Reels_Instagram;
			sourceTree = "<group>";
		};
		8EA26A8D28F37C3D00B1E9B8 /* Reels_InstagramTests */ = {
			isa = PBXGroup;
			children = (
				8EA26A8E28F37C3D00B1E9B8 /* Reels_InstagramTests.swift */,
			);
			path = Reels_InstagramTests;
			sourceTree = "<group>";
		};
		8EA26A9728F37C3D00B1E9B8 /* Reels_InstagramUITests */ = {
			isa = PBXGroup;
			children = (
				8EA26A9828F37C3D00B1E9B8 /* Reels_InstagramUITests.swift */,
				8EA26A9A28F37C3D00B1E9B8 /* Reels_InstagramUITestsLaunchTests.swift */,
			);
			path = Reels_InstagramUITests;
			sourceTree = "<group>";
		};
		8EA26AB728F37D1400B1E9B8 /* Model */ = {
			isa = PBXGroup;
			children = (
				8EA26AB828F37D1400B1E9B8 /* Reel.swift */,
				8EA26AB928F37D1400B1E9B8 /* MediaFile.swift */,
			);
			path = Model;
			sourceTree = "<group>";
		};
		8EA26ABC28F37D3200B1E9B8 /* Preview Content */ = {
			isa = PBXGroup;
			children = (
				8EA26ABD28F37D3200B1E9B8 /* Preview Assets.xcassets */,
			);
			path = "Preview Content";
			sourceTree = "<group>";
		};
		8EA26ABE28F37D3200B1E9B8 /* View */ = {
			isa = PBXGroup;
			children = (
				8EA26ABF28F37D3200B1E9B8 /* Home.swift */,
				8EA26AC028F37D3200B1E9B8 /* ReelsView.swift */,
				8EA26AC128F37D3200B1E9B8 /* CustomVideoPlayer.swift */,
			);
			path = View;
			sourceTree = "<group>";
		};
/* End PBXGroup section */

/* Begin PBXNativeTarget section */
		8EA26A7928F37C3A00B1E9B8 /* Reels_Instagram */ = {
			isa = PBXNativeTarget;
			buildConfigurationList = 8EA26A9E28F37C3D00B1E9B8 /* Build configuration list for PBXNativeTarget "Reels_Instagram" */;
			buildPhases = (
				8EA26A7628F37C3A00B1E9B8 /* Sources */,
				8EA26A7728F37C3A00B1E9B8 /* Frameworks */,
				8EA26A7828F37C3A00B1E9B8 /* Resources */,
			);
			buildRules = (
			);
			dependencies = (
			);
			name = Reels_Instagram;
			productName = Reels_Instagram;
			productReference = 8EA26A7A28F37C3A00B1E9B8 /* Reels_Instagram.app */;
			productType = "com.apple.product-type.application";
		};
		8EA26A8928F37C3D00B1E9B8 /* Reels_InstagramTests */ = {
			isa = PBXNativeTarget;
			buildConfigurationList = 8EA26AA128F37C3D00B1E9B8 /* Build configuration list for PBXNativeTarget "Reels_InstagramTests" */;
			buildPhases = (
				8EA26A8628F37C3D00B1E9B8 /* Sources */,
				8EA26A8728F37C3D00B1E9B8 /* Frameworks */,
				8EA26A8828F37C3D00B1E9B8 /* Resources */,
			);
			buildRules = (
			);
			dependencies = (
				8EA26A8C28F37C3D00B1E9B8 /* PBXTargetDependency */,
			);
			name = Reels_InstagramTests;
			productName = Reels_InstagramTests;
			productReference = 8EA26A8A28F37C3D00B1E9B8 /* Reels_InstagramTests.xctest */;
			productType = "com.apple.product-type.bundle.unit-test";
		};
		8EA26A9328F37C3D00B1E9B8 /* Reels_InstagramUITests */ = {
			isa = PBXNativeTarget;
			buildConfigurationList = 8EA26AA428F37C3D00B1E9B8 /* Build configuration list for PBXNativeTarget "Reels_InstagramUITests" */;
			buildPhases = (
				8EA26A9028F37C3D00B1E9B8 /* Sources */,
				8EA26A9128F37C3D00B1E9B8 /* Frameworks */,
				8EA26A9228F37C3D00B1E9B8 /* Resources */,
			);
			buildRules = (
			);
			dependencies = (
				8EA26A9628F37C3D00B1E9B8 /* PBXTargetDependency */,
			);
			name = Reels_InstagramUITests;
			productName = Reels_InstagramUITests;
			productReference = 8EA26A9428F37C3D00B1E9B8 /* Reels_InstagramUITests.xctest */;
			productType = "com.apple.product-type.bundle.ui-testing";
		};
/* End PBXNativeTarget section */

/* Begin PBXProject section */
		8EA26A7228F37C3A00B1E9B8 /* Project object */ = {
			isa = PBXProject;
			attributes = {
				BuildIndependentTargetsInParallel = 1;
				LastSwiftUpdateCheck = 1400;
				LastUpgradeCheck = 1400;
				TargetAttributes = {
					8EA26A7928F37C3A00B1E9B8 = {
						CreatedOnToolsVersion = 14.0;
					};
					8EA26A8928F37C3D00B1E9B8 = {
						CreatedOnToolsVersion = 14.0;
						TestTargetID = 8EA26A7928F37C3A00B1E9B8;
					};
					8EA26A9328F37C3D00B1E9B8 = {
						CreatedOnToolsVersion = 14.0;
						TestTargetID = 8EA26A7928F37C3A00B1E9B8;
					};
				};
			};
			buildConfigurationList = 8EA26A7528F37C3A00B1E9B8 /* Build configuration list for PBXProject "Reels_Instagram" */;
			compatibilityVersion = "Xcode 14.0";
			developmentRegion = en;
			hasScannedForEncodings = 0;
			knownRegions = (
				en,
				Base,
			);
			mainGroup = 8EA26A7128F37C3A00B1E9B8;
			productRefGroup = 8EA26A7B28F37C3A00B1E9B8 /* Products */;
			projectDirPath = "";
			projectRoot = "";
			targets = (
				8EA26A7928F37C3A00B1E9B8 /* Reels_Instagram */,
				8EA26A8928F37C3D00B1E9B8 /* Reels_InstagramTests */,
				8EA26A9328F37C3D00B1E9B8 /* Reels_InstagramUITests */,
			);
		};
/* End PBXProject section */

/* Begin PBXResourcesBuildPhase section */
		8EA26A7828F37C3A00B1E9B8 /* Resources */ = {
			isa = PBXResourcesBuildPhase;
			buildActionMask = 2147483647;
			files = (
				8EA26AC228F37D3200B1E9B8 /* Preview Assets.xcassets in Resources */,
				8EA26ACA28F37DAA00B1E9B8 /* Reel4.mp4 in Resources */,
				8EA26ACC28F37DAA00B1E9B8 /* Reel1.mp4 in Resources */,
				8EA26AB528F37CBF00B1E9B8 /* Assets.xcassets in Resources */,
				8EA26A8228F37C3C00B1E9B8 /* Assets.xcassets in Resources */,
				8EA26ACB28F37DAA00B1E9B8 /* Reel2.mp4 in Resources */,
				8EA26ACD28F37DAA00B1E9B8 /* Reel3.mp4 in Resources */,
			);
			runOnlyForDeploymentPostprocessing = 0;
		};
		8EA26A8828F37C3D00B1E9B8 /* Resources */ = {
			isa = PBXResourcesBuildPhase;
			buildActionMask = 2147483647;
			files = (
			);
			runOnlyForDeploymentPostprocessing = 0;
		};
		8EA26A9228F37C3D00B1E9B8 /* Resources */ = {
			isa = PBXResourcesBuildPhase;
			buildActionMask = 2147483647;
			files = (
			);
			runOnlyForDeploymentPostprocessing = 0;
		};
/* End PBXResourcesBuildPhase section */

/* Begin PBXSourcesBuildPhase section */
		8EA26A7628F37C3A00B1E9B8 /* Sources */ = {
			isa = PBXSourcesBuildPhase;
			buildActionMask = 2147483647;
			files = (
				8EA26AC528F37D3200B1E9B8 /* CustomVideoPlayer.swift in Sources */,
				8EA26A8028F37C3A00B1E9B8 /* ContentView.swift in Sources */,
				8EA26ABA28F37D1400B1E9B8 /* Reel.swift in Sources */,
				8EA26AC328F37D3200B1E9B8 /* Home.swift in Sources */,
				8EA26ABB28F37D1400B1E9B8 /* MediaFile.swift in Sources */,
				8EA26AC428F37D3200B1E9B8 /* ReelsView.swift in Sources */,
				8EA26A7E28F37C3A00B1E9B8 /* Reels_InstagramApp.swift in Sources */,
			);
			runOnlyForDeploymentPostprocessing = 0;
		};
		8EA26A8628F37C3D00B1E9B8 /* Sources */ = {
			isa = PBXSourcesBuildPhase;
			buildActionMask = 2147483647;
			files = (
				8EA26A8F28F37C3D00B1E9B8 /* Reels_InstagramTests.swift in Sources */,
			);
			runOnlyForDeploymentPostprocessing = 0;
		};
		8EA26A9028F37C3D00B1E9B8 /* Sources */ = {
			isa = PBXSourcesBuildPhase;
			buildActionMask = 2147483647;
			files = (
				8EA26A9928F37C3D00B1E9B8 /* Reels_InstagramUITests.swift in Sources */,
				8EA26A9B28F37C3D00B1E9B8 /* Reels_InstagramUITestsLaunchTests.swift in Sources */,
			);
			runOnlyForDeploymentPostprocessing = 0;
		};
/* End PBXSourcesBuildPhase section */

/* Begin PBXTargetDependency section */
		8EA26A8C28F37C3D00B1E9B8 /* PBXTargetDependency */ = {
			isa = PBXTargetDependency;
			target = 8EA26A7928F37C3A00B1E9B8 /* Reels_Instagram */;
			targetProxy = 8EA26A8B28F37C3D00B1E9B8 /* PBXContainerItemProxy */;
		};
		8EA26A9628F37C3D00B1E9B8 /* PBXTargetDependency */ = {
			isa = PBXTargetDependency;
			target = 8EA26A7928F37C3A00B1E9B8 /* Reels_Instagram */;
			targetProxy = 8EA26A9528F37C3D00B1E9B8 /* PBXContainerItemProxy */;
		};
/* End PBXTargetDependency section */

/* Begin XCBuildConfiguration section */
		8EA26A9C28F37C3D00B1E9B8 /* Debug */ = {
			isa = XCBuildConfiguration;
			buildSettings = {
				ALWAYS_SEARCH_USER_PATHS = NO;
				CLANG_ANALYZER_NONNULL = YES;
				CLANG_ANALYZER_NUMBER_OBJECT_CONVERSION = YES_AGGRESSIVE;
				CLANG_CXX_LANGUAGE_STANDARD = "gnu++20";
				CLANG_ENABLE_MODULES = YES;
				CLANG_ENABLE_OBJC_ARC = YES;
				CLANG_ENABLE_OBJC_WEAK = YES;
				CLANG_WARN_BLOCK_CAPTURE_AUTORELEASING = YES;
				CLANG_WARN_BOOL_CONVERSION = YES;
				CLANG_WARN_COMMA = YES;
				CLANG_WARN_CONSTANT_CONVERSION = YES;
				CLANG_WARN_DEPRECATED_OBJC_IMPLEMENTATIONS = YES;
				CLANG_WARN_DIRECT_OBJC_ISA_USAGE = YES_ERROR;
				CLANG_WARN_DOCUMENTATION_COMMENTS = YES;
				CLANG_WARN_EMPTY_BODY = YES;
				CLANG_WARN_ENUM_CONVERSION = YES;
				CLANG_WARN_INFINITE_RECURSION = YES;
				CLANG_WARN_INT_CONVERSION = YES;
				CLANG_WARN_NON_LITERAL_NULL_CONVERSION = YES;
				CLANG_WARN_OBJC_IMPLICIT_RETAIN_SELF = YES;
				CLANG_WARN_OBJC_LITERAL_CONVERSION = YES;
				CLANG_WARN_OBJC_ROOT_CLASS = YES_ERROR;
				CLANG_WARN_QUOTED_INCLUDE_IN_FRAMEWORK_HEADER = YES;
				CLANG_WARN_RANGE_LOOP_ANALYSIS = YES;
				CLANG_WARN_STRICT_PROTOTYPES = YES;
				CLANG_WARN_SUSPICIOUS_MOVE = YES;
				CLANG_WARN_UNGUARDED_AVAILABILITY = YES_AGGRESSIVE;
				CLANG_WARN_UNREACHABLE_CODE = YES;
				CLANG_WARN__DUPLICATE_METHOD_MATCH = YES;
				COPY_PHASE_STRIP = NO;
				DEBUG_INFORMATION_FORMAT = dwarf;
				ENABLE_STRICT_OBJC_MSGSEND = YES;
				ENABLE_TESTABILITY = YES;
				GCC_C_LANGUAGE_STANDARD = gnu11;
				GCC_DYNAMIC_NO_PIC = NO;
				GCC_NO_COMMON_BLOCKS = YES;
				GCC_OPTIMIZATION_LEVEL = 0;
				GCC_PREPROCESSOR_DEFINITIONS = (
					"DEBUG=1",
					"$(inherited)",
				);
				GCC_WARN_64_TO_32_BIT_CONVERSION = YES;
				GCC_WARN_ABOUT_RETURN_TYPE = YES_ERROR;
				GCC_WARN_UNDECLARED_SELECTOR = YES;
				GCC_WARN_UNINITIALIZED_AUTOS = YES_AGGRESSIVE;
				GCC_WARN_UNUSED_FUNCTION = YES;
				GCC_WARN_UNUSED_VARIABLE = YES;
				IPHONEOS_DEPLOYMENT_TARGET = 16.0;
				MTL_ENABLE_DEBUG_INFO = INCLUDE_SOURCE;
				MTL_FAST_MATH = YES;
				ONLY_ACTIVE_ARCH = YES;
				SDKROOT = iphoneos;
				SWIFT_ACTIVE_COMPILATION_CONDITIONS = DEBUG;
				SWIFT_OPTIMIZATION_LEVEL = "-Onone";
			};
			name = Debug;
		};
		8EA26A9D28F37C3D00B1E9B8 /* Release */ = {
			isa = XCBuildConfiguration;
			buildSettings = {
				ALWAYS_SEARCH_USER_PATHS = NO;
				CLANG_ANALYZER_NONNULL = YES;
				CLANG_ANALYZER_NUMBER_OBJECT_CONVERSION = YES_AGGRESSIVE;
				CLANG_CXX_LANGUAGE_STANDARD = "gnu++20";
				CLANG_ENABLE_MODULES = YES;
				CLANG_ENABLE_OBJC_ARC = YES;
				CLANG_ENABLE_OBJC_WEAK = YES;
				CLANG_WARN_BLOCK_CAPTURE_AUTORELEASING = YES;
				CLANG_WARN_BOOL_CONVERSION = YES;
				CLANG_WARN_COMMA = YES;
				CLANG_WARN_CONSTANT_CONVERSION = YES;
				CLANG_WARN_DEPRECATED_OBJC_IMPLEMENTATIONS = YES;
				CLANG_WARN_DIRECT_OBJC_ISA_USAGE = YES_ERROR;
				CLANG_WARN_DOCUMENTATION_COMMENTS = YES;
				CLANG_WARN_EMPTY_BODY = YES;
				CLANG_WARN_ENUM_CONVERSION = YES;
				CLANG_WARN_INFINITE_RECURSION = YES;
				CLANG_WARN_INT_CONVERSION = YES;
				CLANG_WARN_NON_LITERAL_NULL_CONVERSION = YES;
				CLANG_WARN_OBJC_IMPLICIT_RETAIN_SELF = YES;
				CLANG_WARN_OBJC_LITERAL_CONVERSION = YES;
				CLANG_WARN_OBJC_ROOT_CLASS = YES_ERROR;
				CLANG_WARN_QUOTED_INCLUDE_IN_FRAMEWORK_HEADER = YES;
				CLANG_WARN_RANGE_LOOP_ANALYSIS = YES;
				CLANG_WARN_STRICT_PROTOTYPES = YES;
				CLANG_WARN_SUSPICIOUS_MOVE = YES;
				CLANG_WARN_UNGUARDED_AVAILABILITY = YES_AGGRESSIVE;
				CLANG_WARN_UNREACHABLE_CODE = YES;
				CLANG_WARN__DUPLICATE_METHOD_MATCH = YES;
				COPY_PHASE_STRIP = NO;
				DEBUG_INFORMATION_FORMAT = "dwarf-with-dsym";
				ENABLE_NS_ASSERTIONS = NO;
				ENABLE_STRICT_OBJC_MSGSEND = YES;
				GCC_C_LANGUAGE_STANDARD = gnu11;
				GCC_NO_COMMON_BLOCKS = YES;
				GCC_WARN_64_TO_32_BIT_CONVERSION = YES;
				GCC_WARN_ABOUT_RETURN_TYPE = YES_ERROR;
				GCC_WARN_UNDECLARED_SELECTOR = YES;
				GCC_WARN_UNINITIALIZED_AUTOS = YES_AGGRESSIVE;
				GCC_WARN_UNUSED_FUNCTION = YES;
				GCC_WARN_UNUSED_VARIABLE = YES;
				IPHONEOS_DEPLOYMENT_TARGET = 16.0;
				MTL_ENABLE_DEBUG_INFO = NO;
				MTL_FAST_MATH = YES;
				SDKROOT = iphoneos;
				SWIFT_COMPILATION_MODE = wholemodule;
				SWIFT_OPTIMIZATION_LEVEL = "-O";
				VALIDATE_PRODUCT = YES;
			};
			name = Release;
		};
		8EA26A9F28F37C3D00B1E9B8 /* Debug */ = {
			isa = XCBuildConfiguration;
			buildSettings = {
				ASSETCATALOG_COMPILER_APPICON_NAME = AppIcon;
				ASSETCATALOG_COMPILER_GLOBAL_ACCENT_COLOR_NAME = AccentColor;
				CODE_SIGN_STYLE = Automatic;
				CURRENT_PROJECT_VERSION = 1;
				DEVELOPMENT_ASSET_PATHS = "\"Reels_Instagram/Preview Content\"";
				DEVELOPMENT_TEAM = 2J5VCNV9B2;
				ENABLE_PREVIEWS = YES;
				GENERATE_INFOPLIST_FILE = YES;
				INFOPLIST_KEY_UIApplicationSceneManifest_Generation = YES;
				INFOPLIST_KEY_UIApplicationSupportsIndirectInputEvents = YES;
				INFOPLIST_KEY_UILaunchScreen_Generation = YES;
				INFOPLIST_KEY_UISupportedInterfaceOrientations_iPad = "UIInterfaceOrientationPortrait UIInterfaceOrientationPortraitUpsideDown UIInterfaceOrientationLandscapeLeft UIInterfaceOrientationLandscapeRight";
				INFOPLIST_KEY_UISupportedInterfaceOrientations_iPhone = "UIInterfaceOrientationPortrait UIInterfaceOrientationLandscapeLeft UIInterfaceOrientationLandscapeRight";
				LD_RUNPATH_SEARCH_PATHS = (
					"$(inherited)",
					"@executable_path/Frameworks",
				);
				MARKETING_VERSION = 1.0;
				PRODUCT_BUNDLE_IDENTIFIER = "camilo.Reels-Instagram";
				PRODUCT_NAME = "$(TARGET_NAME)";
				SWIFT_EMIT_LOC_STRINGS = YES;
				SWIFT_VERSION = 5.0;
				TARGETED_DEVICE_FAMILY = "1,2";
			};
			name = Debug;
		};
		8EA26AA028F37C3D00B1E9B8 /* Release */ = {
			isa = XCBuildConfiguration;
			buildSettings = {
				ASSETCATALOG_COMPILER_APPICON_NAME = AppIcon;
				ASSETCATALOG_COMPILER_GLOBAL_ACCENT_COLOR_NAME = AccentColor;
				CODE_SIGN_STYLE = Automatic;
				CURRENT_PROJECT_VERSION = 1;
				DEVELOPMENT_ASSET_PATHS = "\"Reels_Instagram/Preview Content\"";
				DEVELOPMENT_TEAM = 2J5VCNV9B2;
				ENABLE_PREVIEWS = YES;
				GENERATE_INFOPLIST_FILE = YES;
				INFOPLIST_KEY_UIApplicationSceneManifest_Generation = YES;
				INFOPLIST_KEY_UIApplicationSupportsIndirectInputEvents = YES;
				INFOPLIST_KEY_UILaunchScreen_Generation = YES;
				INFOPLIST_KEY_UISupportedInterfaceOrientations_iPad = "UIInterfaceOrientationPortrait UIInterfaceOrientationPortraitUpsideDown UIInterfaceOrientationLandscapeLeft UIInterfaceOrientationLandscapeRight";
				INFOPLIST_KEY_UISupportedInterfaceOrientations_iPhone = "UIInterfaceOrientationPortrait UIInterfaceOrientationLandscapeLeft UIInterfaceOrientationLandscapeRight";
				LD_RUNPATH_SEARCH_PATHS = (
					"$(inherited)",
					"@executable_path/Frameworks",
				);
				MARKETING_VERSION = 1.0;
				PRODUCT_BUNDLE_IDENTIFIER = "camilo.Reels-Instagram";
				PRODUCT_NAME = "$(TARGET_NAME)";
				SWIFT_EMIT_LOC_STRINGS = YES;
				SWIFT_VERSION = 5.0;
				TARGETED_DEVICE_FAMILY = "1,2";
			};
			name = Release;
		};
		8EA26AA228F37C3D00B1E9B8 /* Debug */ = {
			isa = XCBuildConfiguration;
			buildSettings = {
				ALWAYS_EMBED_SWIFT_STANDARD_LIBRARIES = YES;
				BUNDLE_LOADER = "$(TEST_HOST)";
				CODE_SIGN_STYLE = Automatic;
				CURRENT_PROJECT_VERSION = 1;
				DEVELOPMENT_TEAM = 2J5VCNV9B2;
				GENERATE_INFOPLIST_FILE = YES;
				IPHONEOS_DEPLOYMENT_TARGET = 16.0;
				MARKETING_VERSION = 1.0;
				PRODUCT_BUNDLE_IDENTIFIER = "camilo.Reels-InstagramTests";
				PRODUCT_NAME = "$(TARGET_NAME)";
				SWIFT_EMIT_LOC_STRINGS = NO;
				SWIFT_VERSION = 5.0;
				TARGETED_DEVICE_FAMILY = "1,2";
				TEST_HOST = "$(BUILT_PRODUCTS_DIR)/Reels_Instagram.app/$(BUNDLE_EXECUTABLE_FOLDER_PATH)/Reels_Instagram";
			};
			name = Debug;
		};
		8EA26AA328F37C3D00B1E9B8 /* Release */ = {
			isa = XCBuildConfiguration;
			buildSettings = {
				ALWAYS_EMBED_SWIFT_STANDARD_LIBRARIES = YES;
				BUNDLE_LOADER = "$(TEST_HOST)";
				CODE_SIGN_STYLE = Automatic;
				CURRENT_PROJECT_VERSION = 1;
				DEVELOPMENT_TEAM = 2J5VCNV9B2;
				GENERATE_INFOPLIST_FILE = YES;
				IPHONEOS_DEPLOYMENT_TARGET = 16.0;
				MARKETING_VERSION = 1.0;
				PRODUCT_BUNDLE_IDENTIFIER = "camilo.Reels-InstagramTests";
				PRODUCT_NAME = "$(TARGET_NAME)";
				SWIFT_EMIT_LOC_STRINGS = NO;
				SWIFT_VERSION = 5.0;
				TARGETED_DEVICE_FAMILY = "1,2";
				TEST_HOST = "$(BUILT_PRODUCTS_DIR)/Reels_Instagram.app/$(BUNDLE_EXECUTABLE_FOLDER_PATH)/Reels_Instagram";
			};
			name = Release;
		};
		8EA26AA528F37C3D00B1E9B8 /* Debug */ = {
			isa = XCBuildConfiguration;
			buildSettings = {
				ALWAYS_EMBED_SWIFT_STANDARD_LIBRARIES = YES;
				CODE_SIGN_STYLE = Automatic;
				CURRENT_PROJECT_VERSION = 1;
				DEVELOPMENT_TEAM = 2J5VCNV9B2;
				GENERATE_INFOPLIST_FILE = YES;
				MARKETING_VERSION = 1.0;
				PRODUCT_BUNDLE_IDENTIFIER = "camilo.Reels-InstagramUITests";
				PRODUCT_NAME = "$(TARGET_NAME)";
				SWIFT_EMIT_LOC_STRINGS = NO;
				SWIFT_VERSION = 5.0;
				TARGETED_DEVICE_FAMILY = "1,2";
				TEST_TARGET_NAME = Reels_Instagram;
			};
			name = Debug;
		};
		8EA26AA628F37C3D00B1E9B8 /* Release */ = {
			isa = XCBuildConfiguration;
			buildSettings = {
				ALWAYS_EMBED_SWIFT_STANDARD_LIBRARIES = YES;
				CODE_SIGN_STYLE = Automatic;
				CURRENT_PROJECT_VERSION = 1;
				DEVELOPMENT_TEAM = 2J5VCNV9B2;
				GENERATE_INFOPLIST_FILE = YES;
				MARKETING_VERSION = 1.0;
				PRODUCT_BUNDLE_IDENTIFIER = "camilo.Reels-InstagramUITests";
				PRODUCT_NAME = "$(TARGET_NAME)";
				SWIFT_EMIT_LOC_STRINGS = NO;
				SWIFT_VERSION = 5.0;
				TARGETED_DEVICE_FAMILY = "1,2";
				TEST_TARGET_NAME = Reels_Instagram;
			};
			name = Release;
		};
/* End XCBuildConfiguration section */

/* Begin XCConfigurationList section */
		8EA26A7528F37C3A00B1E9B8 /* Build configuration list for PBXProject "Reels_Instagram" */ = {
			isa = XCConfigurationList;
			buildConfigurations = (
				8EA26A9C28F37C3D00B1E9B8 /* Debug */,
				8EA26A9D28F37C3D00B1E9B8 /* Release */,
			);
			defaultConfigurationIsVisible = 0;
			defaultConfigurationName = Release;
		};
		8EA26A9E28F37C3D00B1E9B8 /* Build configuration list for PBXNativeTarget "Reels_Instagram" */ = {
			isa = XCConfigurationList;
			buildConfigurations = (
				8EA26A9F28F37C3D00B1E9B8 /* Debug */,
				8EA26AA028F37C3D00B1E9B8 /* Release */,
			);
			defaultConfigurationIsVisible = 0;
			defaultConfigurationName = Release;
		};
		8EA26AA128F37C3D00B1E9B8 /* Build configuration list for PBXNativeTarget "Reels_InstagramTests" */ = {
			isa = XCConfigurationList;
			buildConfigurations = (
				8EA26AA228F37C3D00B1E9B8 /* Debug */,
				8EA26AA328F37C3D00B1E9B8 /* Release */,
			);
			defaultConfigurationIsVisible = 0;
			defaultConfigurationName = Release;
		};
		8EA26AA428F37C3D00B1E9B8 /* Build configuration list for PBXNativeTarget "Reels_InstagramUITests" */ = {
			isa = XCConfigurationList;
			buildConfigurations = (
				8EA26AA528F37C3D00B1E9B8 /* Debug */,
				8EA26AA628F37C3D00B1E9B8 /* Release */,
			);
			defaultConfigurationIsVisible = 0;
			defaultConfigurationName = Release;
		};
/* End XCConfigurationList section */
	};
	rootObject = 8EA26A7228F37C3A00B1E9B8 /* Project object */;
}
